
Microsoft Visual Studio Solution File, Format Version 12.00
# Visual Studio Version 17
VisualStudioVersion = 17.4.33205.214
MinimumVisualStudioVersion = 10.0.40219.1
Project("{FAE04EC0-301F-11D3-BF4B-00C04F79EFBC}") = "CaesarCipher", "CaesarCipher\CaesarCipher.csproj", "{BF24E7C0-62E2-4D22-9A28-E9F862620FB1}"
EndProject
Global
	GlobalSection(SolutionConfigurationPlatforms) = preSolution
		Debug|Any CPU = Debug|Any CPU
		Release|Any CPU = Release|Any CPU
	EndGlobalSection
	GlobalSection(ProjectConfigurationPlatforms) = postSolution
		{BF24E7C0-62E2-4D22-9A28-E9F862620FB1}.Debug|Any CPU.ActiveCfg = Debug|Any CPU
		{BF24E7C0-62E2-4D22-9A28-E9F862620FB1}.Debug|Any CPU.Build.0 = Debug|Any CPU
		{BF24E7C0-62E2-4D22-9A28-E9F862620FB1}.Release|Any CPU.ActiveCfg = Release|Any CPU
		{BF24E7C0-62E2-4D22-9A28-E9F862620FB1}.Release|Any CPU.Build.0 = Release|Any CPU
	EndGlobalSection
	GlobalSection(SolutionProperties) = preSolution
		HideSolutionNode = FALSE
	EndGlobalSection
	GlobalSection(ExtensibilityGlobals) = postSolution
		SolutionGuid = {9536A6BC-3DE2-4042-8550-F0BDDF0D20B8}
	EndGlobalSection
EndGlobal
